
Microsoft Visual Studio Solution File, Format Version 12.00
# Visual Studio 2012
Project("{E24C65DC-7377-472B-9ABA-BC803B73C61A}") = "Shinkan", "http://localhost:49354", "{38FC7E94-CA93-46CB-A9F0-871837968480}"
	ProjectSection(WebsiteProperties) = preProject
		UseIISExpress = "true"
		TargetFrameworkMoniker = ".NETFramework,Version%3Dv4.5"
		Debug.AspNetCompiler.VirtualPath = "/localhost_49354"
		Debug.AspNetCompiler.PhysicalPath = "..\..\WebSites\Shinkan\"
		Debug.AspNetCompiler.TargetPath = "PrecompiledWeb\localhost_49354\"
		Debug.AspNetCompiler.Updateable = "true"
		Debug.AspNetCompiler.ForceOverwrite = "true"
		Debug.AspNetCompiler.FixedNames = "false"
		Debug.AspNetCompiler.Debug = "True"
		Release.AspNetCompiler.VirtualPath = "/localhost_49354"
		Release.AspNetCompiler.PhysicalPath = "..\..\WebSites\Shinkan\"
		Release.AspNetCompiler.TargetPath = "PrecompiledWeb\localhost_49354\"
		Release.AspNetCompiler.Updateable = "true"
		Release.AspNetCompiler.ForceOverwrite = "true"
		Release.AspNetCompiler.FixedNames = "false"
		Release.AspNetCompiler.Debug = "False"
		SlnRelativePath = "..\..\WebSites\Shinkan\"
		DefaultWebSiteLanguage = "Visual C#"
	EndProjectSection
EndProject
Global
	GlobalSection(SolutionConfigurationPlatforms) = preSolution
		Debug|Any CPU = Debug|Any CPU
	EndGlobalSection
	GlobalSection(ProjectConfigurationPlatforms) = postSolution
		{38FC7E94-CA93-46CB-A9F0-871837968480}.Debug|Any CPU.ActiveCfg = Debug|Any CPU
		{38FC7E94-CA93-46CB-A9F0-871837968480}.Debug|Any CPU.Build.0 = Debug|Any CPU
	EndGlobalSection
	GlobalSection(SolutionProperties) = preSolution
		HideSolutionNode = FALSE
	EndGlobalSection
EndGlobal
